
Microsoft Visual Studio Solution File, Format Version 11.00
# Visual Studio 2010
# SharpDevelop 4.4
Project("{FAE04EC0-301F-11D3-BF4B-00C04F79EFBC}") = "THICUOIKY-OOP-1706020015", "THICUOIKY-OOP-1706020015\THICUOIKY-OOP-1706020015.csproj", "{91340B5B-4C86-4ED4-B243-AF484F93BEF4}"
EndProject
Global
	GlobalSection(SolutionConfigurationPlatforms) = preSolution
		Debug|Any CPU = Debug|Any CPU
		Release|Any CPU = Release|Any CPU
	EndGlobalSection
	GlobalSection(ProjectConfigurationPlatforms) = postSolution
		{91340B5B-4C86-4ED4-B243-AF484F93BEF4}.Debug|Any CPU.Build.0 = Debug|Any CPU
		{91340B5B-4C86-4ED4-B243-AF484F93BEF4}.Debug|Any CPU.ActiveCfg = Debug|Any CPU
		{91340B5B-4C86-4ED4-B243-AF484F93BEF4}.Release|Any CPU.Build.0 = Release|Any CPU
		{91340B5B-4C86-4ED4-B243-AF484F93BEF4}.Release|Any CPU.ActiveCfg = Release|Any CPU
	EndGlobalSection
EndGlobal
